# This file is autogenerated, do not edit; changes may be undone by the next 'dep ensure'.


[[projects]]
  branch = "feature/hostname1"
  name = "github.com/coreos/go-systemd"
  packages = [
    "dbus",
    "hostname1",
    "sdjournal"
  ]
  revision = "e146b7a178ebd21a356d31964f8f57fd15458844"
  source = "https://github.com/SpComb/go-systemd.git"

[[projects]]
  name = "github.com/coreos/pkg"
  packages = ["dlopen"]
  revision = "97fdf19511ea361ae1c100dd393cc47f8dcfa1e1"
  version = "v4"

[[projects]]
  name = "github.com/godbus/dbus"
  packages = ["."]
  revision = "a389bdde4dd695d414e47b755e95e72b7826432c"
  version = "v4.1.0"

[[projects]]
  name = "github.com/robfig/cron"
  packages = ["."]
  revision = "b41be1df696709bb6395fe435af20370037c0b4c"
  version = "v1.1"

[solve-meta]
  analyzer-name = "dep"
  analyzer-version = 1
  inputs-digest = "f8958ad6e720bf39acabdbc4dbc52ac6d60c775a3832107f7433a7c11a151b45"
  solver-name = "gps-cdcl"
  solver-version = 1
