# This file is autogenerated, do not edit; changes may be undone by the next 'dep ensure'.


[[projects]]
  branch = "feature/hostname1"
  name = "github.com/coreos/go-systemd"
  packages = [
    "dbus",
    "hostname1"
  ]
  revision = "e146b7a178ebd21a356d31964f8f57fd15458844"
  source = "https://github.com/SpComb/go-systemd.git"

[[projects]]
  name = "github.com/godbus/dbus"
  packages = ["."]
  revision = "a389bdde4dd695d414e47b755e95e72b7826432c"
  version = "v4.1.0"

[[projects]]
  name = "github.com/robfig/cron"
  packages = ["."]
  revision = "b41be1df696709bb6395fe435af20370037c0b4c"
  version = "v1.1"

[solve-meta]
  analyzer-name = "dep"
  analyzer-version = 1
  inputs-digest = "4ec53b5d3fdb46d203bfa49647cc07592ea88211a24eefd90a76c36ae0940a9f"
  solver-name = "gps-cdcl"
  solver-version = 1
